
Microsoft Visual Studio Solution File, Format Version 12.00
# Visual Studio Version 17
VisualStudioVersion = 17.14.36414.22 d17.14
MinimumVisualStudioVersion = 10.0.40219.1
Project("{FAE04EC0-301F-11D3-BF4B-00C04F79EFBC}") = "CallMetrics", "CallMetrics.csproj", "{1177DDB4-81B3-4CFF-A54B-D6BDAF82D3EE}"
EndProject
Global
	GlobalSection(SolutionConfigurationPlatforms) = preSolution
		Debug|Any CPU = Debug|Any CPU
		Release|Any CPU = Release|Any CPU
	EndGlobalSection
	GlobalSection(ProjectConfigurationPlatforms) = postSolution
		{1177DDB4-81B3-4CFF-A54B-D6BDAF82D3EE}.Debug|Any CPU.ActiveCfg = Debug|Any CPU
		{1177DDB4-81B3-4CFF-A54B-D6BDAF82D3EE}.Debug|Any CPU.Build.0 = Debug|Any CPU
		{1177DDB4-81B3-4CFF-A54B-D6BDAF82D3EE}.Release|Any CPU.ActiveCfg = Release|Any CPU
		{1177DDB4-81B3-4CFF-A54B-D6BDAF82D3EE}.Release|Any CPU.Build.0 = Release|Any CPU
	EndGlobalSection
	GlobalSection(SolutionProperties) = preSolution
		HideSolutionNode = FALSE
	EndGlobalSection
	GlobalSection(ExtensibilityGlobals) = postSolution
		SolutionGuid = {4B783FD6-D54A-43E2-93EC-D10CB68624A6}
	EndGlobalSection
EndGlobal
